
Microsoft Visual Studio Solution File, Format Version 12.00
# Visual Studio Version 17
VisualStudioVersion = 17.6.33829.357
MinimumVisualStudioVersion = 10.0.40219.1
Project("{9A19103F-16F7-4668-BE54-9A1E7A4F7556}") = "SysComercio", "SysComercio\SysComercio.csproj", "{642964A0-0DEC-4D50-88BB-C0C6634D4E2B}"
EndProject
Project("{9A19103F-16F7-4668-BE54-9A1E7A4F7556}") = "CamadaNegocio", "CamadaNegocio\CamadaNegocio.csproj", "{C343C9D7-46BB-4E6C-97FE-F70ED8E8EED5}"
EndProject
Project("{9A19103F-16F7-4668-BE54-9A1E7A4F7556}") = "CamadaDados", "CamadaDados\CamadaDados.csproj", "{F2CB1DA6-5C85-4FFC-AF1E-2A8893ADFA58}"
EndProject
Project("{9A19103F-16F7-4668-BE54-9A1E7A4F7556}") = "CamadaApresentacao", "CamadadeApresentacao\CamadaApresentacao.csproj", "{38B17625-5F9F-472E-87DA-8EB8141F411D}"
EndProject
Global
	GlobalSection(SolutionConfigurationPlatforms) = preSolution
		Debug|Any CPU = Debug|Any CPU
		Release|Any CPU = Release|Any CPU
	EndGlobalSection
	GlobalSection(ProjectConfigurationPlatforms) = postSolution
		{642964A0-0DEC-4D50-88BB-C0C6634D4E2B}.Debug|Any CPU.ActiveCfg = Debug|Any CPU
		{642964A0-0DEC-4D50-88BB-C0C6634D4E2B}.Debug|Any CPU.Build.0 = Debug|Any CPU
		{642964A0-0DEC-4D50-88BB-C0C6634D4E2B}.Release|Any CPU.ActiveCfg = Release|Any CPU
		{642964A0-0DEC-4D50-88BB-C0C6634D4E2B}.Release|Any CPU.Build.0 = Release|Any CPU
		{C343C9D7-46BB-4E6C-97FE-F70ED8E8EED5}.Debug|Any CPU.ActiveCfg = Debug|Any CPU
		{C343C9D7-46BB-4E6C-97FE-F70ED8E8EED5}.Debug|Any CPU.Build.0 = Debug|Any CPU
		{C343C9D7-46BB-4E6C-97FE-F70ED8E8EED5}.Release|Any CPU.ActiveCfg = Release|Any CPU
		{C343C9D7-46BB-4E6C-97FE-F70ED8E8EED5}.Release|Any CPU.Build.0 = Release|Any CPU
		{F2CB1DA6-5C85-4FFC-AF1E-2A8893ADFA58}.Debug|Any CPU.ActiveCfg = Debug|Any CPU
		{F2CB1DA6-5C85-4FFC-AF1E-2A8893ADFA58}.Debug|Any CPU.Build.0 = Debug|Any CPU
		{F2CB1DA6-5C85-4FFC-AF1E-2A8893ADFA58}.Release|Any CPU.ActiveCfg = Release|Any CPU
		{F2CB1DA6-5C85-4FFC-AF1E-2A8893ADFA58}.Release|Any CPU.Build.0 = Release|Any CPU
		{38B17625-5F9F-472E-87DA-8EB8141F411D}.Debug|Any CPU.ActiveCfg = Debug|Any CPU
		{38B17625-5F9F-472E-87DA-8EB8141F411D}.Debug|Any CPU.Build.0 = Debug|Any CPU
		{38B17625-5F9F-472E-87DA-8EB8141F411D}.Release|Any CPU.ActiveCfg = Release|Any CPU
		{38B17625-5F9F-472E-87DA-8EB8141F411D}.Release|Any CPU.Build.0 = Release|Any CPU
	EndGlobalSection
	GlobalSection(SolutionProperties) = preSolution
		HideSolutionNode = FALSE
	EndGlobalSection
	GlobalSection(ExtensibilityGlobals) = postSolution
		SolutionGuid = {10CBAEC7-1AF3-46CD-BD1F-589B9446FE53}
	EndGlobalSection
EndGlobal
